
Microsoft Visual Studio Solution File, Format Version 12.00
# Visual Studio Version 17
VisualStudioVersion = 17.4.33110.190
MinimumVisualStudioVersion = 10.0.40219.1
Project("{FAE04EC0-301F-11D3-BF4B-00C04F79EFBC}") = "01. DBConnection", "01. DBConnection\01. DBConnection.csproj", "{8E73AE3A-8F9F-432F-A2A6-D8B43F6A3F01}"
EndProject
Project("{2150E333-8FDC-42A3-9474-1A3956D46DE8}") = "Create Connection String", "Create Connection String", "{8F89562C-40B8-4A34-896A-E05BDB4769D4}"
	ProjectSection(SolutionItems) = preProject
		Practical lesson 1\File#1.txt = Practical lesson 1\File#1.txt
		Practical lesson 1\File#1.udl = Practical lesson 1\File#1.udl
		Practical lesson 1\instnwnd.sql = Practical lesson 1\instnwnd.sql
	EndProjectSection
EndProject
Project("{FAE04EC0-301F-11D3-BF4B-00C04F79EFBC}") = "02. DSConnect", "02. DSConnect\02. DSConnect.csproj", "{776AB8F9-0793-4ADB-889E-ABA4C3E79533}"
EndProject
Project("{FAE04EC0-301F-11D3-BF4B-00C04F79EFBC}") = "03. DBCommand", "03. DBCommand\03. DBCommand.csproj", "{FA2DD76D-0DE8-4BBC-A2F5-F300982F3297}"
EndProject
Project("{FAE04EC0-301F-11D3-BF4B-00C04F79EFBC}") = "04. DatasetDesigner", "04. DatasetDesigner\04. DatasetDesigner.csproj", "{29616235-D292-4952-98C5-769A828DBB7A}"
EndProject
Project("{FAE04EC0-301F-11D3-BF4B-00C04F79EFBC}") = "05. CreatingDataTable", "05. CreatingDataTable\05. CreatingDataTable.csproj", "{9442D230-028F-4F74-A6BB-397345444388}"
EndProject
Global
	GlobalSection(SolutionConfigurationPlatforms) = preSolution
		Debug|Any CPU = Debug|Any CPU
		Release|Any CPU = Release|Any CPU
	EndGlobalSection
	GlobalSection(ProjectConfigurationPlatforms) = postSolution
		{8E73AE3A-8F9F-432F-A2A6-D8B43F6A3F01}.Debug|Any CPU.ActiveCfg = Debug|Any CPU
		{8E73AE3A-8F9F-432F-A2A6-D8B43F6A3F01}.Debug|Any CPU.Build.0 = Debug|Any CPU
		{8E73AE3A-8F9F-432F-A2A6-D8B43F6A3F01}.Release|Any CPU.ActiveCfg = Release|Any CPU
		{8E73AE3A-8F9F-432F-A2A6-D8B43F6A3F01}.Release|Any CPU.Build.0 = Release|Any CPU
		{776AB8F9-0793-4ADB-889E-ABA4C3E79533}.Debug|Any CPU.ActiveCfg = Debug|Any CPU
		{776AB8F9-0793-4ADB-889E-ABA4C3E79533}.Debug|Any CPU.Build.0 = Debug|Any CPU
		{776AB8F9-0793-4ADB-889E-ABA4C3E79533}.Release|Any CPU.ActiveCfg = Release|Any CPU
		{776AB8F9-0793-4ADB-889E-ABA4C3E79533}.Release|Any CPU.Build.0 = Release|Any CPU
		{FA2DD76D-0DE8-4BBC-A2F5-F300982F3297}.Debug|Any CPU.ActiveCfg = Debug|Any CPU
		{FA2DD76D-0DE8-4BBC-A2F5-F300982F3297}.Debug|Any CPU.Build.0 = Debug|Any CPU
		{FA2DD76D-0DE8-4BBC-A2F5-F300982F3297}.Release|Any CPU.ActiveCfg = Release|Any CPU
		{FA2DD76D-0DE8-4BBC-A2F5-F300982F3297}.Release|Any CPU.Build.0 = Release|Any CPU
		{29616235-D292-4952-98C5-769A828DBB7A}.Debug|Any CPU.ActiveCfg = Debug|Any CPU
		{29616235-D292-4952-98C5-769A828DBB7A}.Debug|Any CPU.Build.0 = Debug|Any CPU
		{29616235-D292-4952-98C5-769A828DBB7A}.Release|Any CPU.ActiveCfg = Release|Any CPU
		{29616235-D292-4952-98C5-769A828DBB7A}.Release|Any CPU.Build.0 = Release|Any CPU
		{9442D230-028F-4F74-A6BB-397345444388}.Debug|Any CPU.ActiveCfg = Debug|Any CPU
		{9442D230-028F-4F74-A6BB-397345444388}.Debug|Any CPU.Build.0 = Debug|Any CPU
		{9442D230-028F-4F74-A6BB-397345444388}.Release|Any CPU.ActiveCfg = Release|Any CPU
		{9442D230-028F-4F74-A6BB-397345444388}.Release|Any CPU.Build.0 = Release|Any CPU
	EndGlobalSection
	GlobalSection(SolutionProperties) = preSolution
		HideSolutionNode = FALSE
	EndGlobalSection
	GlobalSection(ExtensibilityGlobals) = postSolution
		SolutionGuid = {485DE2EB-76DA-4C84-A69E-C9FE0E51E805}
	EndGlobalSection
EndGlobal
